Microsoft Visual Studio Solution File, Format Version 11.00
# Visual Studio 2008

Project("{6A286283-382D-A266-3D6C-86E88C754F9B}") = "AchievementSystem", "Assembly-CSharp.csproj", "{D9370D8A-5CBE-B186-9EC4-14E8FDA37C56}"
EndProject
Global
	GlobalSection(SolutionConfigurationPlatforms) = preSolution
		Debug|Any CPU = Debug|Any CPU
		Release|Any CPU = Release|Any CPU
	EndGlobalSection
	GlobalSection(ProjectConfigurationPlatforms) = postSolution
		{D9370D8A-5CBE-B186-9EC4-14E8FDA37C56}.Debug|Any CPU.ActiveCfg = Debug|Any CPU
		{D9370D8A-5CBE-B186-9EC4-14E8FDA37C56}.Debug|Any CPU.Build.0 = Debug|Any CPU
		{D9370D8A-5CBE-B186-9EC4-14E8FDA37C56}.Release|Any CPU.ActiveCfg = Release|Any CPU
		{D9370D8A-5CBE-B186-9EC4-14E8FDA37C56}.Release|Any CPU.Build.0 = Release|Any CPU
	EndGlobalSection
	GlobalSection(SolutionProperties) = preSolution
		HideSolutionNode = FALSE
	EndGlobalSection
	GlobalSection(MonoDevelopProperties) = preSolution
		StartupItem = Assembly-CSharp.csproj
	EndGlobalSection
EndGlobal
